
Microsoft Visual Studio Solution File, Format Version 12.00
# Visual Studio Version 17
VisualStudioVersion = 17.8.34309.116
MinimumVisualStudioVersion = 10.0.40219.1
Project("{888888A0-9F3D-457C-B088-3A5042F75D52}") = "antivirus", "antivirus.pyproj", "{79091429-0A6F-49F2-BD11-553BE827DF16}"
EndProject
Global
	GlobalSection(SolutionConfigurationPlatforms) = preSolution
		Debug|Any CPU = Debug|Any CPU
		Release|Any CPU = Release|Any CPU
	EndGlobalSection
	GlobalSection(ProjectConfigurationPlatforms) = postSolution
		{79091429-0A6F-49F2-BD11-553BE827DF16}.Debug|Any CPU.ActiveCfg = Debug|Any CPU
		{79091429-0A6F-49F2-BD11-553BE827DF16}.Release|Any CPU.ActiveCfg = Release|Any CPU
	EndGlobalSection
	GlobalSection(SolutionProperties) = preSolution
		HideSolutionNode = FALSE
	EndGlobalSection
	GlobalSection(ExtensibilityGlobals) = postSolution
		SolutionGuid = {EDDF1346-2DBB-4875-90BF-41BF5F5EB601}
	EndGlobalSection
EndGlobal
